// !$*UTF8*$!
{
	archiveVersion = 1;
	classes = {
	};
	objectVersion = 50;
	objects = {

/* Begin PBXBuildFile section */
		3507FF0720D21A74002D99A0 /* AppDelegate.m in Sources */ = {isa = PBXBuildFile; fileRef = 3507FF0620D21A74002D99A0 /* AppDelegate.m */; };
		3507FF0A20D21A74002D99A0 /* RootViewController.m in Sources */ = {isa = PBXBuildFile; fileRef = 3507FF0920D21A74002D99A0 /* RootViewController.m */; };
		3507FF0D20D21A74002D99A0 /* Main.storyboard in Resources */ = {isa = PBXBuildFile; fileRef = 3507FF0B20D21A74002D99A0 /* Main.storyboard */; };
		3507FF0F20D21A75002D99A0 /* Assets.xcassets in Resources */ = {isa = PBXBuildFile; fileRef = 3507FF0E20D21A75002D99A0 /* Assets.xcassets */; };
		3507FF1220D21A75002D99A0 /* LaunchScreen.storyboard in Resources */ = {isa = PBXBuildFile; fileRef = 3507FF1020D21A75002D99A0 /* LaunchScreen.storyboard */; };
		3507FF1520D21A75002D99A0 /* main.m in Sources */ = {isa = PBXBuildFile; fileRef = 3507FF1420D21A75002D99A0 /* main.m */; };
		3507FF1D20D21B8D002D99A0 /* SecondViewController.m in Sources */ = {isa = PBXBuildFile; fileRef = 3507FF1C20D21B8D002D99A0 /* SecondViewController.m */; };
		3507FF2120D24549002D99A0 /* FirstViewController.m in Sources */ = {isa = PBXBuildFile; fileRef = 3507FF2020D24549002D99A0 /* FirstViewController.m */; };
		3507FF3620D2813B002D99A0 /* 1.jpg in Resources */ = {isa = PBXBuildFile; fileRef = 3507FF3520D2813B002D99A0 /* 1.jpg */; };
		3507FF3920D2836E002D99A0 /* LYNavPushAnimator.m in Sources */ = {isa = PBXBuildFile; fileRef = 3507FF3820D2836E002D99A0 /* LYNavPushAnimator.m */; };
		3507FF3C20D2837D002D99A0 /* LYNavPopAnimator.m in Sources */ = {isa = PBXBuildFile; fileRef = 3507FF3B20D2837D002D99A0 /* LYNavPopAnimator.m */; };
		3565997B20D90B0D00F5EE6D /* AppDelegate.m in Sources */ = {isa = PBXBuildFile; fileRef = 3565997A20D90B0D00F5EE6D /* AppDelegate.m */; };
		3565997E20D90B0D00F5EE6D /* ViewController.m in Sources */ = {isa = PBXBuildFile; fileRef = 3565997D20D90B0D00F5EE6D /* ViewController.m */; };
		3565998120D90B0D00F5EE6D /* Main.storyboard in Resources */ = {isa = PBXBuildFile; fileRef = 3565997F20D90B0D00F5EE6D /* Main.storyboard */; };
		3565998320D90B0F00F5EE6D /* Assets.xcassets in Resources */ = {isa = PBXBuildFile; fileRef = 3565998220D90B0F00F5EE6D /* Assets.xcassets */; };
		3565998620D90B0F00F5EE6D /* LaunchScreen.storyboard in Resources */ = {isa = PBXBuildFile; fileRef = 3565998420D90B0F00F5EE6D /* LaunchScreen.storyboard */; };
		3565998920D90B0F00F5EE6D /* main.m in Sources */ = {isa = PBXBuildFile; fileRef = 3565998820D90B0F00F5EE6D /* main.m */; };
		3565998F20D90B7000F5EE6D /* SecondViewController.m in Sources */ = {isa = PBXBuildFile; fileRef = 3565998E20D90B7000F5EE6D /* SecondViewController.m */; };
		3565999220D90DB000F5EE6D /* PopAnimator.m in Sources */ = {isa = PBXBuildFile; fileRef = 3565999120D90DB000F5EE6D /* PopAnimator.m */; };
		3565999520D90DCD00F5EE6D /* InteractiveTransition.m in Sources */ = {isa = PBXBuildFile; fileRef = 3565999420D90DCD00F5EE6D /* InteractiveTransition.m */; };
		35FE565820D39774001FF2A0 /* 2.jpg in Resources */ = {isa = PBXBuildFile; fileRef = 35FE565720D39774001FF2A0 /* 2.jpg */; };
		35FE565B20D3A992001FF2A0 /* LYNavInteractiveAnimator.m in Sources */ = {isa = PBXBuildFile; fileRef = 35FE565A20D3A992001FF2A0 /* LYNavInteractiveAnimator.m */; };
/* End PBXBuildFile section */

/* Begin PBXFileReference section */
		3507FF0220D21A74002D99A0 /* CustomTransitionDemo.app */ = {isa = PBXFileReference; explicitFileType = wrapper.application; includeInIndex = 0; path = CustomTransitionDemo.app; sourceTree = BUILT_PRODUCTS_DIR; };
		3507FF0520D21A74002D99A0 /* AppDelegate.h */ = {isa = PBXFileReference; lastKnownFileType = sourcecode.c.h; path = AppDelegate.h; sourceTree = "<group>"; };
		3507FF0620D21A74002D99A0 /* AppDelegate.m */ = {isa = PBXFileReference; lastKnownFileType = sourcecode.c.objc; path = AppDelegate.m; sourceTree = "<group>"; };
		3507FF0820D21A74002D99A0 /* RootViewController.h */ = {isa = PBXFileReference; lastKnownFileType = sourcecode.c.h; path = RootViewController.h; sourceTree = "<group>"; };
		3507FF0920D21A74002D99A0 /* RootViewController.m */ = {isa = PBXFileReference; lastKnownFileType = sourcecode.c.objc; path = RootViewController.m; sourceTree = "<group>"; };
		3507FF0C20D21A74002D99A0 /* Base */ = {isa = PBXFileReference; lastKnownFileType = file.storyboard; name = Base; path = Base.lproj/Main.storyboard; sourceTree = "<group>"; };
		3507FF0E20D21A75002D99A0 /* Assets.xcassets */ = {isa = PBXFileReference; lastKnownFileType = folder.assetcatalog; path = Assets.xcassets; sourceTree = "<group>"; };
		3507FF1120D21A75002D99A0 /* Base */ = {isa = PBXFileReference; lastKnownFileType = file.storyboard; name = Base; path = Base.lproj/LaunchScreen.storyboard; sourceTree = "<group>"; };
		3507FF1320D21A75002D99A0 /* Info.plist */ = {isa = PBXFileReference; lastKnownFileType = text.plist.xml; path = Info.plist; sourceTree = "<group>"; };
		3507FF1420D21A75002D99A0 /* main.m */ = {isa = PBXFileReference; lastKnownFileType = sourcecode.c.objc; path = main.m; sourceTree = "<group>"; };
		3507FF1B20D21B8D002D99A0 /* SecondViewController.h */ = {isa = PBXFileReference; lastKnownFileType = sourcecode.c.h; path = SecondViewController.h; sourceTree = "<group>"; };
		3507FF1C20D21B8D002D99A0 /* SecondViewController.m */ = {isa = PBXFileReference; lastKnownFileType = sourcecode.c.objc; path = SecondViewController.m; sourceTree = "<group>"; };
		3507FF1F20D24549002D99A0 /* FirstViewController.h */ = {isa = PBXFileReference; lastKnownFileType = sourcecode.c.h; path = FirstViewController.h; sourceTree = "<group>"; };
		3507FF2020D24549002D99A0 /* FirstViewController.m */ = {isa = PBXFileReference; lastKnownFileType = sourcecode.c.objc; path = FirstViewController.m; sourceTree = "<group>"; };
		3507FF3520D2813B002D99A0 /* 1.jpg */ = {isa = PBXFileReference; lastKnownFileType = image.jpeg; path = 1.jpg; sourceTree = "<group>"; };
		3507FF3720D2836E002D99A0 /* LYNavPushAnimator.h */ = {isa = PBXFileReference; lastKnownFileType = sourcecode.c.h; path = LYNavPushAnimator.h; sourceTree = "<group>"; };
		3507FF3820D2836E002D99A0 /* LYNavPushAnimator.m */ = {isa = PBXFileReference; lastKnownFileType = sourcecode.c.objc; path = LYNavPushAnimator.m; sourceTree = "<group>"; };
		3507FF3A20D2837D002D99A0 /* LYNavPopAnimator.h */ = {isa = PBXFileReference; lastKnownFileType = sourcecode.c.h; path = LYNavPopAnimator.h; sourceTree = "<group>"; };
		3507FF3B20D2837D002D99A0 /* LYNavPopAnimator.m */ = {isa = PBXFileReference; lastKnownFileType = sourcecode.c.objc; path = LYNavPopAnimator.m; sourceTree = "<group>"; };
		3507FF3D20D36B6B002D99A0 /* PrefixHeader.pch */ = {isa = PBXFileReference; lastKnownFileType = sourcecode.c.h; path = PrefixHeader.pch; sourceTree = "<group>"; };
		3565997720D90B0D00F5EE6D /* Present.app */ = {isa = PBXFileReference; explicitFileType = wrapper.application; includeInIndex = 0; path = Present.app; sourceTree = BUILT_PRODUCTS_DIR; };
		3565997920D90B0D00F5EE6D /* AppDelegate.h */ = {isa = PBXFileReference; lastKnownFileType = sourcecode.c.h; path = AppDelegate.h; sourceTree = "<group>"; };
		3565997A20D90B0D00F5EE6D /* AppDelegate.m */ = {isa = PBXFileReference; lastKnownFileType = sourcecode.c.objc; path = AppDelegate.m; sourceTree = "<group>"; };
		3565997C20D90B0D00F5EE6D /* ViewController.h */ = {isa = PBXFileReference; lastKnownFileType = sourcecode.c.h; path = ViewController.h; sourceTree = "<group>"; };
		3565997D20D90B0D00F5EE6D /* ViewController.m */ = {isa = PBXFileReference; lastKnownFileType = sourcecode.c.objc; path = ViewController.m; sourceTree = "<group>"; };
		3565998020D90B0D00F5EE6D /* Base */ = {isa = PBXFileReference; lastKnownFileType = file.storyboard; name = Base; path = Base.lproj/Main.storyboard; sourceTree = "<group>"; };
		3565998220D90B0F00F5EE6D /* Assets.xcassets */ = {isa = PBXFileReference; lastKnownFileType = folder.assetcatalog; path = Assets.xcassets; sourceTree = "<group>"; };
		3565998520D90B0F00F5EE6D /* Base */ = {isa = PBXFileReference; lastKnownFileType = file.storyboard; name = Base; path = Base.lproj/LaunchScreen.storyboard; sourceTree = "<group>"; };
		3565998720D90B0F00F5EE6D /* Info.plist */ = {isa = PBXFileReference; lastKnownFileType = text.plist.xml; path = Info.plist; sourceTree = "<group>"; };
		3565998820D90B0F00F5EE6D /* main.m */ = {isa = PBXFileReference; lastKnownFileType = sourcecode.c.objc; path = main.m; sourceTree = "<group>"; };
		3565998D20D90B6F00F5EE6D /* SecondViewController.h */ = {isa = PBXFileReference; lastKnownFileType = sourcecode.c.h; path = SecondViewController.h; sourceTree = "<group>"; };
		3565998E20D90B7000F5EE6D /* SecondViewController.m */ = {isa = PBXFileReference; lastKnownFileType = sourcecode.c.objc; path = SecondViewController.m; sourceTree = "<group>"; };
		3565999020D90DB000F5EE6D /* PopAnimator.h */ = {isa = PBXFileReference; lastKnownFileType = sourcecode.c.h; path = PopAnimator.h; sourceTree = "<group>"; };
		3565999120D90DB000F5EE6D /* PopAnimator.m */ = {isa = PBXFileReference; lastKnownFileType = sourcecode.c.objc; path = PopAnimator.m; sourceTree = "<group>"; };
		3565999320D90DCD00F5EE6D /* InteractiveTransition.h */ = {isa = PBXFileReference; lastKnownFileType = sourcecode.c.h; path = InteractiveTransition.h; sourceTree = "<group>"; };
		3565999420D90DCD00F5EE6D /* InteractiveTransition.m */ = {isa = PBXFileReference; lastKnownFileType = sourcecode.c.objc; path = InteractiveTransition.m; sourceTree = "<group>"; };
		35FE565720D39774001FF2A0 /* 2.jpg */ = {isa = PBXFileReference; lastKnownFileType = image.jpeg; path = 2.jpg; sourceTree = "<group>"; };
		35FE565920D3A992001FF2A0 /* LYNavInteractiveAnimator.h */ = {isa = PBXFileReference; lastKnownFileType = sourcecode.c.h; path = LYNavInteractiveAnimator.h; sourceTree = "<group>"; };
		35FE565A20D3A992001FF2A0 /* LYNavInteractiveAnimator.m */ = {isa = PBXFileReference; lastKnownFileType = sourcecode.c.objc; path = LYNavInteractiveAnimator.m; sourceTree = "<group>"; };
/* End PBXFileReference section */

/* Begin PBXFrameworksBuildPhase section */
		3507FEFF20D21A74002D99A0 /* Frameworks */ = {
			isa = PBXFrameworksBuildPhase;
			buildActionMask = 2147483647;
			files = (
			);
			runOnlyForDeploymentPostprocessing = 0;
		};
		3565997420D90B0D00F5EE6D /* Frameworks */ = {
			isa = PBXFrameworksBuildPhase;
			buildActionMask = 2147483647;
			files = (
			);
			runOnlyForDeploymentPostprocessing = 0;
		};
/* End PBXFrameworksBuildPhase section */

/* Begin PBXGroup section */
		3507FEF920D21A74002D99A0 = {
			isa = PBXGroup;
			children = (
				3507FF0420D21A74002D99A0 /* CustomTransitionDemo */,
				3565997820D90B0D00F5EE6D /* Present */,
				3507FF0320D21A74002D99A0 /* Products */,
			);
			sourceTree = "<group>";
		};
		3507FF0320D21A74002D99A0 /* Products */ = {
			isa = PBXGroup;
			children = (
				3507FF0220D21A74002D99A0 /* CustomTransitionDemo.app */,
				3565997720D90B0D00F5EE6D /* Present.app */,
			);
			name = Products;
			sourceTree = "<group>";
		};
		3507FF0420D21A74002D99A0 /* CustomTransitionDemo */ = {
			isa = PBXGroup;
			children = (
				3507FF0520D21A74002D99A0 /* AppDelegate.h */,
				3507FF0620D21A74002D99A0 /* AppDelegate.m */,
				3507FF0820D21A74002D99A0 /* RootViewController.h */,
				3507FF0920D21A74002D99A0 /* RootViewController.m */,
				3507FF1F20D24549002D99A0 /* FirstViewController.h */,
				3507FF2020D24549002D99A0 /* FirstViewController.m */,
				3507FF1B20D21B8D002D99A0 /* SecondViewController.h */,
				3507FF1C20D21B8D002D99A0 /* SecondViewController.m */,
				3507FF3720D2836E002D99A0 /* LYNavPushAnimator.h */,
				3507FF3820D2836E002D99A0 /* LYNavPushAnimator.m */,
				3507FF3A20D2837D002D99A0 /* LYNavPopAnimator.h */,
				3507FF3B20D2837D002D99A0 /* LYNavPopAnimator.m */,
				35FE565920D3A992001FF2A0 /* LYNavInteractiveAnimator.h */,
				35FE565A20D3A992001FF2A0 /* LYNavInteractiveAnimator.m */,
				3507FF3520D2813B002D99A0 /* 1.jpg */,
				35FE565720D39774001FF2A0 /* 2.jpg */,
				3507FF0B20D21A74002D99A0 /* Main.storyboard */,
				3507FF0E20D21A75002D99A0 /* Assets.xcassets */,
				3507FF1020D21A75002D99A0 /* LaunchScreen.storyboard */,
				3507FF1320D21A75002D99A0 /* Info.plist */,
				3507FF1420D21A75002D99A0 /* main.m */,
				3507FF3D20D36B6B002D99A0 /* PrefixHeader.pch */,
			);
			path = CustomTransitionDemo;
			sourceTree = "<group>";
		};
		3565997820D90B0D00F5EE6D /* Present */ = {
			isa = PBXGroup;
			children = (
				3565997920D90B0D00F5EE6D /* AppDelegate.h */,
				3565997A20D90B0D00F5EE6D /* AppDelegate.m */,
				3565997C20D90B0D00F5EE6D /* ViewController.h */,
				3565997D20D90B0D00F5EE6D /* ViewController.m */,
				3565998D20D90B6F00F5EE6D /* SecondViewController.h */,
				3565998E20D90B7000F5EE6D /* SecondViewController.m */,
				3565999020D90DB000F5EE6D /* PopAnimator.h */,
				3565999120D90DB000F5EE6D /* PopAnimator.m */,
				3565999320D90DCD00F5EE6D /* InteractiveTransition.h */,
				3565999420D90DCD00F5EE6D /* InteractiveTransition.m */,
				3565997F20D90B0D00F5EE6D /* Main.storyboard */,
				3565998220D90B0F00F5EE6D /* Assets.xcassets */,
				3565998420D90B0F00F5EE6D /* LaunchScreen.storyboard */,
				3565998720D90B0F00F5EE6D /* Info.plist */,
				3565998820D90B0F00F5EE6D /* main.m */,
			);
			path = Present;
			sourceTree = "<group>";
		};
/* End PBXGroup section */

/* Begin PBXNativeTarget section */
		3507FF0120D21A74002D99A0 /* CustomTransitionDemo */ = {
			isa = PBXNativeTarget;
			buildConfigurationList = 3507FF1820D21A75002D99A0 /* Build configuration list for PBXNativeTarget "CustomTransitionDemo" */;
			buildPhases = (
				3507FEFE20D21A74002D99A0 /* Sources */,
				3507FEFF20D21A74002D99A0 /* Frameworks */,
				3507FF0020D21A74002D99A0 /* Resources */,
			);
			buildRules = (
			);
			dependencies = (
			);
			name = CustomTransitionDemo;
			productName = CustomTransitionDemo;
			productReference = 3507FF0220D21A74002D99A0 /* CustomTransitionDemo.app */;
			productType = "com.apple.product-type.application";
		};
		3565997620D90B0D00F5EE6D /* Present */ = {
			isa = PBXNativeTarget;
			buildConfigurationList = 3565998C20D90B0F00F5EE6D /* Build configuration list for PBXNativeTarget "Present" */;
			buildPhases = (
				3565997320D90B0D00F5EE6D /* Sources */,
				3565997420D90B0D00F5EE6D /* Frameworks */,
				3565997520D90B0D00F5EE6D /* Resources */,
			);
			buildRules = (
			);
			dependencies = (
			);
			name = Present;
			productName = Present;
			productReference = 3565997720D90B0D00F5EE6D /* Present.app */;
			productType = "com.apple.product-type.application";
		};
/* End PBXNativeTarget section */

/* Begin PBXProject section */
		3507FEFA20D21A74002D99A0 /* Project object */ = {
			isa = PBXProject;
			attributes = {
				LastUpgradeCheck = 0930;
				ORGANIZATIONNAME = YR;
				TargetAttributes = {
					3507FF0120D21A74002D99A0 = {
						CreatedOnToolsVersion = 9.3;
					};
					3565997620D90B0D00F5EE6D = {
						CreatedOnToolsVersion = 9.3;
					};
				};
			};
			buildConfigurationList = 3507FEFD20D21A74002D99A0 /* Build configuration list for PBXProject "CustomTransitionDemo" */;
			compatibilityVersion = "Xcode 9.3";
			developmentRegion = en;
			hasScannedForEncodings = 0;
			knownRegions = (
				en,
				Base,
			);
			mainGroup = 3507FEF920D21A74002D99A0;
			productRefGroup = 3507FF0320D21A74002D99A0 /* Products */;
			projectDirPath = "";
			projectRoot = "";
			targets = (
				3507FF0120D21A74002D99A0 /* CustomTransitionDemo */,
				3565997620D90B0D00F5EE6D /* Present */,
			);
		};
/* End PBXProject section */

/* Begin PBXResourcesBuildPhase section */
		3507FF0020D21A74002D99A0 /* Resources */ = {
			isa = PBXResourcesBuildPhase;
			buildActionMask = 2147483647;
			files = (
				35FE565820D39774001FF2A0 /* 2.jpg in Resources */,
				3507FF3620D2813B002D99A0 /* 1.jpg in Resources */,
				3507FF1220D21A75002D99A0 /* LaunchScreen.storyboard in Resources */,
				3507FF0F20D21A75002D99A0 /* Assets.xcassets in Resources */,
				3507FF0D20D21A74002D99A0 /* Main.storyboard in Resources */,
			);
			runOnlyForDeploymentPostprocessing = 0;
		};
		3565997520D90B0D00F5EE6D /* Resources */ = {
			isa = PBXResourcesBuildPhase;
			buildActionMask = 2147483647;
			files = (
				3565998620D90B0F00F5EE6D /* LaunchScreen.storyboard in Resources */,
				3565998320D90B0F00F5EE6D /* Assets.xcassets in Resources */,
				3565998120D90B0D00F5EE6D /* Main.storyboard in Resources */,
			);
			runOnlyForDeploymentPostprocessing = 0;
		};
/* End PBXResourcesBuildPhase section */

/* Begin PBXSourcesBuildPhase section */
		3507FEFE20D21A74002D99A0 /* Sources */ = {
			isa = PBXSourcesBuildPhase;
			buildActionMask = 2147483647;
			files = (
				3507FF1D20D21B8D002D99A0 /* SecondViewController.m in Sources */,
				3507FF0A20D21A74002D99A0 /* RootViewController.m in Sources */,
				35FE565B20D3A992001FF2A0 /* LYNavInteractiveAnimator.m in Sources */,
				3507FF2120D24549002D99A0 /* FirstViewController.m in Sources */,
				3507FF1520D21A75002D99A0 /* main.m in Sources */,
				3507FF0720D21A74002D99A0 /* AppDelegate.m in Sources */,
				3507FF3C20D2837D002D99A0 /* LYNavPopAnimator.m in Sources */,
				3507FF3920D2836E002D99A0 /* LYNavPushAnimator.m in Sources */,
			);
			runOnlyForDeploymentPostprocessing = 0;
		};
		3565997320D90B0D00F5EE6D /* Sources */ = {
			isa = PBXSourcesBuildPhase;
			buildActionMask = 2147483647;
			files = (
				3565998F20D90B7000F5EE6D /* SecondViewController.m in Sources */,
				3565997E20D90B0D00F5EE6D /* ViewController.m in Sources */,
				3565998920D90B0F00F5EE6D /* main.m in Sources */,
				3565997B20D90B0D00F5EE6D /* AppDelegate.m in Sources */,
				3565999220D90DB000F5EE6D /* PopAnimator.m in Sources */,
				3565999520D90DCD00F5EE6D /* InteractiveTransition.m in Sources */,
			);
			runOnlyForDeploymentPostprocessing = 0;
		};
/* End PBXSourcesBuildPhase section */

/* Begin PBXVariantGroup section */
		3507FF0B20D21A74002D99A0 /* Main.storyboard */ = {
			isa = PBXVariantGroup;
			children = (
				3507FF0C20D21A74002D99A0 /* Base */,
			);
			name = Main.storyboard;
			sourceTree = "<group>";
		};
		3507FF1020D21A75002D99A0 /* LaunchScreen.storyboard */ = {
			isa = PBXVariantGroup;
			children = (
				3507FF1120D21A75002D99A0 /* Base */,
			);
			name = LaunchScreen.storyboard;
			sourceTree = "<group>";
		};
		3565997F20D90B0D00F5EE6D /* Main.storyboard */ = {
			isa = PBXVariantGroup;
			children = (
				3565998020D90B0D00F5EE6D /* Base */,
			);
			name = Main.storyboard;
			sourceTree = "<group>";
		};
		3565998420D90B0F00F5EE6D /* LaunchScreen.storyboard */ = {
			isa = PBXVariantGroup;
			children = (
				3565998520D90B0F00F5EE6D /* Base */,
			);
			name = LaunchScreen.storyboard;
			sourceTree = "<group>";
		};
/* End PBXVariantGroup section */

/* Begin XCBuildConfiguration section */
		3507FF1620D21A75002D99A0 /* Debug */ = {
			isa = XCBuildConfiguration;
			buildSettings = {
				ALWAYS_SEARCH_USER_PATHS = NO;
				CLANG_ANALYZER_NONNULL = YES;
				CLANG_ANALYZER_NUMBER_OBJECT_CONVERSION = YES_AGGRESSIVE;
				CLANG_CXX_LANGUAGE_STANDARD = "gnu++14";
				CLANG_CXX_LIBRARY = "libc++";
				CLANG_ENABLE_MODULES = YES;
				CLANG_ENABLE_OBJC_ARC = YES;
				CLANG_ENABLE_OBJC_WEAK = YES;
				CLANG_WARN_BLOCK_CAPTURE_AUTORELEASING = YES;
				CLANG_WARN_BOOL_CONVERSION = YES;
				CLANG_WARN_COMMA = YES;
				CLANG_WARN_CONSTANT_CONVERSION = YES;
				CLANG_WARN_DEPRECATED_OBJC_IMPLEMENTATIONS = YES;
				CLANG_WARN_DIRECT_OBJC_ISA_USAGE = YES_ERROR;
				CLANG_WARN_DOCUMENTATION_COMMENTS = YES;
				CLANG_WARN_EMPTY_BODY = YES;
				CLANG_WARN_ENUM_CONVERSION = YES;
				CLANG_WARN_INFINITE_RECURSION = YES;
				CLANG_WARN_INT_CONVERSION = YES;
				CLANG_WARN_NON_LITERAL_NULL_CONVERSION = YES;
				CLANG_WARN_OBJC_IMPLICIT_RETAIN_SELF = YES;
				CLANG_WARN_OBJC_LITERAL_CONVERSION = YES;
				CLANG_WARN_OBJC_ROOT_CLASS = YES_ERROR;
				CLANG_WARN_RANGE_LOOP_ANALYSIS = YES;
				CLANG_WARN_STRICT_PROTOTYPES = YES;
				CLANG_WARN_SUSPICIOUS_MOVE = YES;
				CLANG_WARN_UNGUARDED_AVAILABILITY = YES_AGGRESSIVE;
				CLANG_WARN_UNREACHABLE_CODE = YES;
				CLANG_WARN__DUPLICATE_METHOD_MATCH = YES;
				CODE_SIGN_IDENTITY = "iPhone Developer";
				COPY_PHASE_STRIP = NO;
				DEBUG_INFORMATION_FORMAT = dwarf;
				ENABLE_STRICT_OBJC_MSGSEND = YES;
				ENABLE_TESTABILITY = YES;
				GCC_C_LANGUAGE_STANDARD = gnu11;
				GCC_DYNAMIC_NO_PIC = NO;
				GCC_NO_COMMON_BLOCKS = YES;
				GCC_OPTIMIZATION_LEVEL = 0;
				GCC_PREPROCESSOR_DEFINITIONS = (
					"DEBUG=1",
					"$(inherited)",
				);
				GCC_WARN_64_TO_32_BIT_CONVERSION = YES;
				GCC_WARN_ABOUT_RETURN_TYPE = YES_ERROR;
				GCC_WARN_UNDECLARED_SELECTOR = YES;
				GCC_WARN_UNINITIALIZED_AUTOS = YES_AGGRESSIVE;
				GCC_WARN_UNUSED_FUNCTION = YES;
				GCC_WARN_UNUSED_VARIABLE = YES;
				IPHONEOS_DEPLOYMENT_TARGET = 11.3;
				MTL_ENABLE_DEBUG_INFO = YES;
				ONLY_ACTIVE_ARCH = YES;
				SDKROOT = iphoneos;
			};
			name = Debug;
		};
		3507FF1720D21A75002D99A0 /* Release */ = {
			isa = XCBuildConfiguration;
			buildSettings = {
				ALWAYS_SEARCH_USER_PATHS = NO;
				CLANG_ANALYZER_NONNULL = YES;
				CLANG_ANALYZER_NUMBER_OBJECT_CONVERSION = YES_AGGRESSIVE;
				CLANG_CXX_LANGUAGE_STANDARD = "gnu++14";
				CLANG_CXX_LIBRARY = "libc++";
				CLANG_ENABLE_MODULES = YES;
				CLANG_ENABLE_OBJC_ARC = YES;
				CLANG_ENABLE_OBJC_WEAK = YES;
				CLANG_WARN_BLOCK_CAPTURE_AUTORELEASING = YES;
				CLANG_WARN_BOOL_CONVERSION = YES;
				CLANG_WARN_COMMA = YES;
				CLANG_WARN_CONSTANT_CONVERSION = YES;
				CLANG_WARN_DEPRECATED_OBJC_IMPLEMENTATIONS = YES;
				CLANG_WARN_DIRECT_OBJC_ISA_USAGE = YES_ERROR;
				CLANG_WARN_DOCUMENTATION_COMMENTS = YES;
				CLANG_WARN_EMPTY_BODY = YES;
				CLANG_WARN_ENUM_CONVERSION = YES;
				CLANG_WARN_INFINITE_RECURSION = YES;
				CLANG_WARN_INT_CONVERSION = YES;
				CLANG_WARN_NON_LITERAL_NULL_CONVERSION = YES;
				CLANG_WARN_OBJC_IMPLICIT_RETAIN_SELF = YES;
				CLANG_WARN_OBJC_LITERAL_CONVERSION = YES;
				CLANG_WARN_OBJC_ROOT_CLASS = YES_ERROR;
				CLANG_WARN_RANGE_LOOP_ANALYSIS = YES;
				CLANG_WARN_STRICT_PROTOTYPES = YES;
				CLANG_WARN_SUSPICIOUS_MOVE = YES;
				CLANG_WARN_UNGUARDED_AVAILABILITY = YES_AGGRESSIVE;
				CLANG_WARN_UNREACHABLE_CODE = YES;
				CLANG_WARN__DUPLICATE_METHOD_MATCH = YES;
				CODE_SIGN_IDENTITY = "iPhone Developer";
				COPY_PHASE_STRIP = NO;
				DEBUG_INFORMATION_FORMAT = "dwarf-with-dsym";
				ENABLE_NS_ASSERTIONS = NO;
				ENABLE_STRICT_OBJC_MSGSEND = YES;
				GCC_C_LANGUAGE_STANDARD = gnu11;
				GCC_NO_COMMON_BLOCKS = YES;
				GCC_WARN_64_TO_32_BIT_CONVERSION = YES;
				GCC_WARN_ABOUT_RETURN_TYPE = YES_ERROR;
				GCC_WARN_UNDECLARED_SELECTOR = YES;
				GCC_WARN_UNINITIALIZED_AUTOS = YES_AGGRESSIVE;
				GCC_WARN_UNUSED_FUNCTION = YES;
				GCC_WARN_UNUSED_VARIABLE = YES;
				IPHONEOS_DEPLOYMENT_TARGET = 11.3;
				MTL_ENABLE_DEBUG_INFO = NO;
				SDKROOT = iphoneos;
				VALIDATE_PRODUCT = YES;
			};
			name = Release;
		};
		3507FF1920D21A75002D99A0 /* Debug */ = {
			isa = XCBuildConfiguration;
			buildSettings = {
				ASSETCATALOG_COMPILER_APPICON_NAME = AppIcon;
				CODE_SIGN_STYLE = Automatic;
				DEVELOPMENT_TEAM = ET468ENYPG;
				GCC_PRECOMPILE_PREFIX_HEADER = YES;
				GCC_PREFIX_HEADER = "$(SRCROOT)/CustomTransitionDemo/PrefixHeader.pch";
				INFOPLIST_FILE = CustomTransitionDemo/Info.plist;
				LD_RUNPATH_SEARCH_PATHS = (
					"$(inherited)",
					"@executable_path/Frameworks",
				);
				PRODUCT_BUNDLE_IDENTIFIER = YR.CustomTransitionDemo;
				PRODUCT_NAME = "$(TARGET_NAME)";
				TARGETED_DEVICE_FAMILY = "1,2";
			};
			name = Debug;
		};
		3507FF1A20D21A75002D99A0 /* Release */ = {
			isa = XCBuildConfiguration;
			buildSettings = {
				ASSETCATALOG_COMPILER_APPICON_NAME = AppIcon;
				CODE_SIGN_STYLE = Automatic;
				DEVELOPMENT_TEAM = ET468ENYPG;
				GCC_PRECOMPILE_PREFIX_HEADER = YES;
				GCC_PREFIX_HEADER = "$(SRCROOT)/CustomTransitionDemo/PrefixHeader.pch";
				INFOPLIST_FILE = CustomTransitionDemo/Info.plist;
				LD_RUNPATH_SEARCH_PATHS = (
					"$(inherited)",
					"@executable_path/Frameworks",
				);
				PRODUCT_BUNDLE_IDENTIFIER = YR.CustomTransitionDemo;
				PRODUCT_NAME = "$(TARGET_NAME)";
				TARGETED_DEVICE_FAMILY = "1,2";
			};
			name = Release;
		};
		3565998A20D90B0F00F5EE6D /* Debug */ = {
			isa = XCBuildConfiguration;
			buildSettings = {
				ASSETCATALOG_COMPILER_APPICON_NAME = AppIcon;
				CODE_SIGN_STYLE = Automatic;
				INFOPLIST_FILE = Present/Info.plist;
				LD_RUNPATH_SEARCH_PATHS = (
					"$(inherited)",
					"@executable_path/Frameworks",
				);
				PRODUCT_BUNDLE_IDENTIFIER = YR.Present;
				PRODUCT_NAME = "$(TARGET_NAME)";
				TARGETED_DEVICE_FAMILY = "1,2";
			};
			name = Debug;
		};
		3565998B20D90B0F00F5EE6D /* Release */ = {
			isa = XCBuildConfiguration;
			buildSettings = {
				ASSETCATALOG_COMPILER_APPICON_NAME = AppIcon;
				CODE_SIGN_STYLE = Automatic;
				INFOPLIST_FILE = Present/Info.plist;
				LD_RUNPATH_SEARCH_PATHS = (
					"$(inherited)",
					"@executable_path/Frameworks",
				);
				PRODUCT_BUNDLE_IDENTIFIER = YR.Present;
				PRODUCT_NAME = "$(TARGET_NAME)";
				TARGETED_DEVICE_FAMILY = "1,2";
			};
			name = Release;
		};
/* End XCBuildConfiguration section */

/* Begin XCConfigurationList section */
		3507FEFD20D21A74002D99A0 /* Build configuration list for PBXProject "CustomTransitionDemo" */ = {
			isa = XCConfigurationList;
			buildConfigurations = (
				3507FF1620D21A75002D99A0 /* Debug */,
				3507FF1720D21A75002D99A0 /* Release */,
			);
			defaultConfigurationIsVisible = 0;
			defaultConfigurationName = Release;
		};
		3507FF1820D21A75002D99A0 /* Build configuration list for PBXNativeTarget "CustomTransitionDemo" */ = {
			isa = XCConfigurationList;
			buildConfigurations = (
				3507FF1920D21A75002D99A0 /* Debug */,
				3507FF1A20D21A75002D99A0 /* Release */,
			);
			defaultConfigurationIsVisible = 0;
			defaultConfigurationName = Release;
		};
		3565998C20D90B0F00F5EE6D /* Build configuration list for PBXNativeTarget "Present" */ = {
			isa = XCConfigurationList;
			buildConfigurations = (
				3565998A20D90B0F00F5EE6D /* Debug */,
				3565998B20D90B0F00F5EE6D /* Release */,
			);
			defaultConfigurationIsVisible = 0;
			defaultConfigurationName = Release;
		};
/* End XCConfigurationList section */
	};
	rootObject = 3507FEFA20D21A74002D99A0 /* Project object */;
}
